<?xml version="1.0" encoding="utf-8"?>
<Project ToolsVersion="4.0" xmlns="http://schemas.microsoft.com/developer/msbuild/2003">
  <ItemGroup>
    <Filter Include="Fichiers sources">
      <UniqueIdentifier>{4FC737F1-C7A5-4376-A066-2A32D752A2FF}</UniqueIdentifier>
      <Extensions>cpp;c;cc;cxx;c++;cppm;ixx;def;odl;idl;hpj;bat;asm;asmx</Extensions>
    </Filter>
    <Filter Include="Fichiers d%27en-tête">
      <UniqueIdentifier>{93995380-89BD-4b04-88EB-625FBE52EBFB}</UniqueIdentifier>
      <Extensions>h;hh;hpp;hxx;h++;hm;inl;inc;ipp;xsd</Extensions>
    </Filter>
    <Filter Include="Fichiers de ressources">
      <UniqueIdentifier>{67DA6AB6-F800-4c08-8B7A-83BB121AAD01}</UniqueIdentifier>
      <Extensions>rc;ico;cur;bmp;dlg;rc2;rct;bin;rgs;gif;jpg;jpeg;jpe;resx;tiff;tif;png;wav;mfcribbon-ms</Extensions>
    </Filter>
    <Filter Include="Fichiers sources\SFML">
      <UniqueIdentifier>{4bf69e1a-665d-4964-97ca-f46de369cf84}</UniqueIdentifier>
    </Filter>
    <Filter Include="Fichiers d%27en-tête\SFML">
      <UniqueIdentifier>{988484bd-d995-434d-b2e7-c366cc6e26c8}</UniqueIdentifier>
    </Filter>
    <Filter Include="Fichiers d%27en-tête\Scenes">
      <UniqueIdentifier>{e5040fff-6f0a-453c-be22-2fa8e78f1fa3}</UniqueIdentifier>
    </Filter>
    <Filter Include="Fichiers sources\Game">
      <UniqueIdentifier>{99548b76-6a06-4f17-a0bf-04adb1c4d5f3}</UniqueIdentifier>
    </Filter>
    <Filter Include="Fichiers d%27en-tête\Game">
      <UniqueIdentifier>{eec3d3c0-b9bb-4bb4-85ff-f13d351ef0ef}</UniqueIdentifier>
    </Filter>
  </ItemGroup>
  <ItemGroup>
    <ClCompile Include="main.cpp">
      <Filter>Fichiers sources</Filter>
    </ClCompile>
    <ClCompile Include="Button.cpp">
      <Filter>Fichiers sources\SFML</Filter>
    </ClCompile>
    <ClCompile Include="Drawable.cpp">
      <Filter>Fichiers sources\SFML</Filter>
    </ClCompile>
    <ClCompile Include="Events.cpp">
      <Filter>Fichiers sources\SFML</Filter>
    </ClCompile>
    <ClCompile Include="Gomoku.cpp">
      <Filter>Fichiers sources\SFML</Filter>
    </ClCompile>
    <ClCompile Include="Rectangle.cpp">
      <Filter>Fichiers sources\SFML</Filter>
    </ClCompile>
    <ClCompile Include="Text.cpp">
      <Filter>Fichiers sources\SFML</Filter>
    </ClCompile>
    <ClCompile Include="View.cpp">
      <Filter>Fichiers sources\SFML</Filter>
    </ClCompile>
    <ClCompile Include="Window.cpp">
      <Filter>Fichiers sources\SFML</Filter>
    </ClCompile>
    <ClCompile Include="Activist.cpp">
      <Filter>Fichiers sources\Game</Filter>
    </ClCompile>
    <ClCompile Include="Character.cpp">
      <Filter>Fichiers sources\Game</Filter>
    </ClCompile>
    <ClCompile Include="Master.cpp">
      <Filter>Fichiers sources\Game</Filter>
    </ClCompile>
  </ItemGroup>
  <ItemGroup>
    <ClInclude Include="Button.hpp">
      <Filter>Fichiers d%27en-tête\SFML</Filter>
    </ClInclude>
    <ClInclude Include="Drawable.hpp">
      <Filter>Fichiers d%27en-tête\SFML</Filter>
    </ClInclude>
    <ClInclude Include="Events.hpp">
      <Filter>Fichiers d%27en-tête\SFML</Filter>
    </ClInclude>
    <ClInclude Include="Grid.hpp">
      <Filter>Fichiers d%27en-tête\SFML</Filter>
    </ClInclude>
    <ClInclude Include="Screen.hpp">
      <Filter>Fichiers d%27en-tête\SFML</Filter>
    </ClInclude>
    <ClInclude Include="Text.hpp">
      <Filter>Fichiers d%27en-tête\SFML</Filter>
    </ClInclude>
    <ClInclude Include="View.hpp">
      <Filter>Fichiers d%27en-tête\SFML</Filter>
    </ClInclude>
    <ClInclude Include="Window.hpp">
      <Filter>Fichiers d%27en-tête\SFML</Filter>
    </ClInclude>
    <ClInclude Include="Menu.hpp">
      <Filter>Fichiers d%27en-tête\Scenes</Filter>
    </ClInclude>
    <ClInclude Include="Simulation.hpp">
      <Filter>Fichiers d%27en-tête\Scenes</Filter>
    </ClInclude>
    <ClInclude Include="Activist.hpp">
      <Filter>Fichiers d%27en-tête\Game</Filter>
    </ClInclude>
    <ClInclude Include="Character.hpp">
      <Filter>Fichiers d%27en-tête\Game</Filter>
    </ClInclude>
    <ClInclude Include="Master.hpp">
      <Filter>Fichiers d%27en-tête\Game</Filter>
    </ClInclude>
  </ItemGroup>
  <ItemGroup>
    <None Include="packages.config" />
  </ItemGroup>
</Project>